
Microsoft Visual Studio Solution File, Format Version 12.00
# Visual Studio Version 17
VisualStudioVersion = 17.14.35906.104
MinimumVisualStudioVersion = 10.0.40219.1
Project("{2150E333-8FDC-42A3-9474-1A3956D46DE8}") = "backend", "backend", "{02EA681E-C7D8-13C7-8484-4AC65E1B71E8}"
	ProjectSection(SolutionItems) = preProject
		.unitTestGeneratorConfig = .unitTestGeneratorConfig
	EndProjectSection
EndProject
Project("{2150E333-8FDC-42A3-9474-1A3956D46DE8}") = "Aspire", "Aspire", "{2F0C99BF-FDF6-448F-8E47-A00A6D551021}"
EndProject
Project("{2150E333-8FDC-42A3-9474-1A3956D46DE8}") = ".files", ".files", "{6BF6FEFB-B427-4AC4-96F7-A5B2BD2EC953}"
	ProjectSection(SolutionItems) = preProject
		.files\1. SUMMARY.md = .files\1. SUMMARY.md
		.files\SCHEMA - LINKS.json = .files\SCHEMA - LINKS.json
		.files\SCHEMA - QUEUE.json = .files\SCHEMA - QUEUE.json
		.files\SCHEMA - USER PROFILE.json = .files\SCHEMA - USER PROFILE.json
	EndProjectSection
EndProject
Project("{2150E333-8FDC-42A3-9474-1A3956D46DE8}") = "Workers", "Workers", "{0DC857DF-815A-4D64-9FDB-DFDCCF58932A}"
EndProject
Project("{2150E333-8FDC-42A3-9474-1A3956D46DE8}") = "1 Validation", "1 Validation", "{9B80F1BD-DAA3-4C83-B978-1A727626DF17}"
EndProject
Project("{2150E333-8FDC-42A3-9474-1A3956D46DE8}") = "2 Crawler", "2 Crawler", "{26FEE1A6-0FA0-4C99-8345-0777089F6373}"
EndProject
Project("{2150E333-8FDC-42A3-9474-1A3956D46DE8}") = "3 Tagger", "3 Tagger", "{2AA29279-DEA5-43E4-AD30-1A2A530D111D}"
EndProject
Project("{2150E333-8FDC-42A3-9474-1A3956D46DE8}") = "9 Finalizer", "9 Finalizer", "{4B0574E3-350B-458D-B35E-601E5517D04E}"
EndProject
Project("{2150E333-8FDC-42A3-9474-1A3956D46DE8}") = "Common", "Common", "{DDD95737-36B1-4FFC-A322-8FFEF0760CEB}"
EndProject
Project("{2150E333-8FDC-42A3-9474-1A3956D46DE8}") = "Modules", "Modules", "{A7BAA7A8-240B-42EA-8C54-011220BD98E8}"
EndProject
Project("{2150E333-8FDC-42A3-9474-1A3956D46DE8}") = "Links", "Links", "{8932407D-6F96-4469-BAA2-31873C3575E8}"
EndProject
Project("{2150E333-8FDC-42A3-9474-1A3956D46DE8}") = "Tests", "Tests", "{6705ECC4-ECF5-4BC8-9DB3-61782EE3D17C}"
EndProject
Project("{FAE04EC0-301F-11D3-BF4B-00C04F79EFBC}") = "Common.Endpoints", "backend\Common\Common.Endpoints\Common.Endpoints.csproj", "{0120AA5B-D049-4A74-921D-619A32E16686}"
EndProject
Project("{FAE04EC0-301F-11D3-BF4B-00C04F79EFBC}") = "Common", "backend\Common\Common\Common.csproj", "{63D38A24-9AA0-48D3-B2D2-9DD4517F2AAF}"
EndProject
Project("{FAE04EC0-301F-11D3-BF4B-00C04F79EFBC}") = "Common.Domain", "backend\Common\Common.Domain\Common.Domain.csproj", "{198278E8-E742-4446-8F72-10F6A06FCCE2}"
EndProject
Project("{2150E333-8FDC-42A3-9474-1A3956D46DE8}") = "UserLinks", "UserLinks", "{C89D6E46-F095-4611-B289-DFC85BC50E86}"
EndProject
Project("{FAE04EC0-301F-11D3-BF4B-00C04F79EFBC}") = "UserLinks.Endpoint", "backend\Modules\UserLinks\UserLinks.Endpoint\UserLinks.Endpoint.csproj", "{95615901-7477-4FC8-A558-C4B41D0D27C4}"
EndProject
Project("{FAE04EC0-301F-11D3-BF4B-00C04F79EFBC}") = "Common.Application", "backend\Common\Common.Application\Common.Application.csproj", "{823C26A5-A20F-4188-9938-0702FF2FE9E4}"
EndProject
Project("{FAE04EC0-301F-11D3-BF4B-00C04F79EFBC}") = "Links", "backend\Modules\Links\Links\Links.csproj", "{908454D1-72C1-4360-B76A-CEBFDB792B0A}"
EndProject
Project("{FAE04EC0-301F-11D3-BF4B-00C04F79EFBC}") = "Common.Data", "backend\Common\Common.Data\Common.Data.csproj", "{2378418B-5077-4724-B863-1FC5459C6F96}"
EndProject
Project("{2150E333-8FDC-42A3-9474-1A3956D46DE8}") = "Submissions", "Submissions", "{D3C7F950-13DE-4D8C-96A4-B87E6026E283}"
EndProject
Project("{FAE04EC0-301F-11D3-BF4B-00C04F79EFBC}") = "Submissions", "backend\Modules\Submissions\Submissions\Submissions.csproj", "{E3F57503-E16B-41C7-B4EC-5F670A19331E}"
EndProject
Project("{FAE04EC0-301F-11D3-BF4B-00C04F79EFBC}") = "Common.Infrastructure", "backend\Common\Common.Infrastructure\Common.Infrastructure.csproj", "{A863AA3E-05B2-4C62-833D-A407F7CEE191}"
EndProject
Project("{2150E333-8FDC-42A3-9474-1A3956D46DE8}") = "Solution Items", "Solution Items", "{8EC462FD-D22E-90A8-E5CE-7E832BA40C5D}"
	ProjectSection(SolutionItems) = preProject
		.gitignore = .gitignore
		README.md = README.md
	EndProjectSection
EndProject
Project("{FAE04EC0-301F-11D3-BF4B-00C04F79EFBC}") = "Defaults", "backend\Aspire\Defaults\Defaults.csproj", "{43EAF8E8-7746-84F0-7CC1-0540D305789C}"
EndProject
Project("{FAE04EC0-301F-11D3-BF4B-00C04F79EFBC}") = "Api", "backend\Api\Api.csproj", "{A28F0853-CD93-D005-10F9-5F5C999F3E51}"
EndProject
Project("{FAE04EC0-301F-11D3-BF4B-00C04F79EFBC}") = "CrawlServices", "backend\Workers\Crawler\CrawlServices.csproj", "{C17B0461-FDDE-BA2B-4B7C-718C551A6E72}"
EndProject
Project("{FAE04EC0-301F-11D3-BF4B-00C04F79EFBC}") = "ValidateService", "backend\Workers\Validater\ValidateService.csproj", "{92C823C9-7CC7-546A-D5F1-15220BA05D3F}"
EndProject
Project("{FAE04EC0-301F-11D3-BF4B-00C04F79EFBC}") = "TagService", "backend\Workers\Tagger\TagService.csproj", "{B7FE8D74-62A5-9550-2433-3891427ADE60}"
EndProject
Project("{FAE04EC0-301F-11D3-BF4B-00C04F79EFBC}") = "AppHost", "backend\Aspire\AppHost\AppHost.csproj", "{B2E401FE-235A-4C88-8C82-E38C0C043A98}"
EndProject
Project("{FAE04EC0-301F-11D3-BF4B-00C04F79EFBC}") = "FinalizeService", "backend\Workers\Finalizer\FinalizeService\FinalizeService.csproj", "{211624A5-9652-4090-856F-73E77E493297}"
EndProject
Project("{2150E333-8FDC-42A3-9474-1A3956D46DE8}") = ".images", ".images", "{C628F7B5-D40E-418F-9DBF-C3FF6F3976F7}"
	ProjectSection(SolutionItems) = preProject
		.images\aspire-dashboard.png = .images\aspire-dashboard.png
		.images\aspire-graph.png = .images\aspire-graph.png
		.images\deliscio-home.png = .images\deliscio-home.png
	EndProjectSection
EndProject
Global
	GlobalSection(SolutionConfigurationPlatforms) = preSolution
		Debug|Any CPU = Debug|Any CPU
		Release|Any CPU = Release|Any CPU
	EndGlobalSection
	GlobalSection(ProjectConfigurationPlatforms) = postSolution
		{0120AA5B-D049-4A74-921D-619A32E16686}.Debug|Any CPU.ActiveCfg = Debug|Any CPU
		{0120AA5B-D049-4A74-921D-619A32E16686}.Debug|Any CPU.Build.0 = Debug|Any CPU
		{0120AA5B-D049-4A74-921D-619A32E16686}.Release|Any CPU.ActiveCfg = Release|Any CPU
		{0120AA5B-D049-4A74-921D-619A32E16686}.Release|Any CPU.Build.0 = Release|Any CPU
		{63D38A24-9AA0-48D3-B2D2-9DD4517F2AAF}.Debug|Any CPU.ActiveCfg = Debug|Any CPU
		{63D38A24-9AA0-48D3-B2D2-9DD4517F2AAF}.Debug|Any CPU.Build.0 = Debug|Any CPU
		{63D38A24-9AA0-48D3-B2D2-9DD4517F2AAF}.Release|Any CPU.ActiveCfg = Release|Any CPU
		{63D38A24-9AA0-48D3-B2D2-9DD4517F2AAF}.Release|Any CPU.Build.0 = Release|Any CPU
		{198278E8-E742-4446-8F72-10F6A06FCCE2}.Debug|Any CPU.ActiveCfg = Debug|Any CPU
		{198278E8-E742-4446-8F72-10F6A06FCCE2}.Debug|Any CPU.Build.0 = Debug|Any CPU
		{198278E8-E742-4446-8F72-10F6A06FCCE2}.Release|Any CPU.ActiveCfg = Release|Any CPU
		{198278E8-E742-4446-8F72-10F6A06FCCE2}.Release|Any CPU.Build.0 = Release|Any CPU
		{95615901-7477-4FC8-A558-C4B41D0D27C4}.Debug|Any CPU.ActiveCfg = Debug|Any CPU
		{95615901-7477-4FC8-A558-C4B41D0D27C4}.Debug|Any CPU.Build.0 = Debug|Any CPU
		{95615901-7477-4FC8-A558-C4B41D0D27C4}.Release|Any CPU.ActiveCfg = Release|Any CPU
		{95615901-7477-4FC8-A558-C4B41D0D27C4}.Release|Any CPU.Build.0 = Release|Any CPU
		{823C26A5-A20F-4188-9938-0702FF2FE9E4}.Debug|Any CPU.ActiveCfg = Debug|Any CPU
		{823C26A5-A20F-4188-9938-0702FF2FE9E4}.Debug|Any CPU.Build.0 = Debug|Any CPU
		{823C26A5-A20F-4188-9938-0702FF2FE9E4}.Release|Any CPU.ActiveCfg = Release|Any CPU
		{823C26A5-A20F-4188-9938-0702FF2FE9E4}.Release|Any CPU.Build.0 = Release|Any CPU
		{908454D1-72C1-4360-B76A-CEBFDB792B0A}.Debug|Any CPU.ActiveCfg = Debug|Any CPU
		{908454D1-72C1-4360-B76A-CEBFDB792B0A}.Debug|Any CPU.Build.0 = Debug|Any CPU
		{908454D1-72C1-4360-B76A-CEBFDB792B0A}.Release|Any CPU.ActiveCfg = Release|Any CPU
		{908454D1-72C1-4360-B76A-CEBFDB792B0A}.Release|Any CPU.Build.0 = Release|Any CPU
		{2378418B-5077-4724-B863-1FC5459C6F96}.Debug|Any CPU.ActiveCfg = Debug|Any CPU
		{2378418B-5077-4724-B863-1FC5459C6F96}.Debug|Any CPU.Build.0 = Debug|Any CPU
		{2378418B-5077-4724-B863-1FC5459C6F96}.Release|Any CPU.ActiveCfg = Release|Any CPU
		{2378418B-5077-4724-B863-1FC5459C6F96}.Release|Any CPU.Build.0 = Release|Any CPU
		{E3F57503-E16B-41C7-B4EC-5F670A19331E}.Debug|Any CPU.ActiveCfg = Debug|Any CPU
		{E3F57503-E16B-41C7-B4EC-5F670A19331E}.Debug|Any CPU.Build.0 = Debug|Any CPU
		{E3F57503-E16B-41C7-B4EC-5F670A19331E}.Release|Any CPU.ActiveCfg = Release|Any CPU
		{E3F57503-E16B-41C7-B4EC-5F670A19331E}.Release|Any CPU.Build.0 = Release|Any CPU
		{A863AA3E-05B2-4C62-833D-A407F7CEE191}.Debug|Any CPU.ActiveCfg = Debug|Any CPU
		{A863AA3E-05B2-4C62-833D-A407F7CEE191}.Debug|Any CPU.Build.0 = Debug|Any CPU
		{A863AA3E-05B2-4C62-833D-A407F7CEE191}.Release|Any CPU.ActiveCfg = Release|Any CPU
		{A863AA3E-05B2-4C62-833D-A407F7CEE191}.Release|Any CPU.Build.0 = Release|Any CPU
		{43EAF8E8-7746-84F0-7CC1-0540D305789C}.Debug|Any CPU.ActiveCfg = Debug|Any CPU
		{43EAF8E8-7746-84F0-7CC1-0540D305789C}.Debug|Any CPU.Build.0 = Debug|Any CPU
		{43EAF8E8-7746-84F0-7CC1-0540D305789C}.Release|Any CPU.ActiveCfg = Release|Any CPU
		{43EAF8E8-7746-84F0-7CC1-0540D305789C}.Release|Any CPU.Build.0 = Release|Any CPU
		{A28F0853-CD93-D005-10F9-5F5C999F3E51}.Debug|Any CPU.ActiveCfg = Debug|Any CPU
		{A28F0853-CD93-D005-10F9-5F5C999F3E51}.Debug|Any CPU.Build.0 = Debug|Any CPU
		{A28F0853-CD93-D005-10F9-5F5C999F3E51}.Release|Any CPU.ActiveCfg = Release|Any CPU
		{A28F0853-CD93-D005-10F9-5F5C999F3E51}.Release|Any CPU.Build.0 = Release|Any CPU
		{C17B0461-FDDE-BA2B-4B7C-718C551A6E72}.Debug|Any CPU.ActiveCfg = Debug|Any CPU
		{C17B0461-FDDE-BA2B-4B7C-718C551A6E72}.Debug|Any CPU.Build.0 = Debug|Any CPU
		{C17B0461-FDDE-BA2B-4B7C-718C551A6E72}.Release|Any CPU.ActiveCfg = Release|Any CPU
		{C17B0461-FDDE-BA2B-4B7C-718C551A6E72}.Release|Any CPU.Build.0 = Release|Any CPU
		{92C823C9-7CC7-546A-D5F1-15220BA05D3F}.Debug|Any CPU.ActiveCfg = Debug|Any CPU
		{92C823C9-7CC7-546A-D5F1-15220BA05D3F}.Debug|Any CPU.Build.0 = Debug|Any CPU
		{92C823C9-7CC7-546A-D5F1-15220BA05D3F}.Release|Any CPU.ActiveCfg = Release|Any CPU
		{92C823C9-7CC7-546A-D5F1-15220BA05D3F}.Release|Any CPU.Build.0 = Release|Any CPU
		{B7FE8D74-62A5-9550-2433-3891427ADE60}.Debug|Any CPU.ActiveCfg = Debug|Any CPU
		{B7FE8D74-62A5-9550-2433-3891427ADE60}.Debug|Any CPU.Build.0 = Debug|Any CPU
		{B7FE8D74-62A5-9550-2433-3891427ADE60}.Release|Any CPU.ActiveCfg = Release|Any CPU
		{B7FE8D74-62A5-9550-2433-3891427ADE60}.Release|Any CPU.Build.0 = Release|Any CPU
		{B2E401FE-235A-4C88-8C82-E38C0C043A98}.Debug|Any CPU.ActiveCfg = Debug|Any CPU
		{B2E401FE-235A-4C88-8C82-E38C0C043A98}.Debug|Any CPU.Build.0 = Debug|Any CPU
		{B2E401FE-235A-4C88-8C82-E38C0C043A98}.Release|Any CPU.ActiveCfg = Release|Any CPU
		{B2E401FE-235A-4C88-8C82-E38C0C043A98}.Release|Any CPU.Build.0 = Release|Any CPU
		{211624A5-9652-4090-856F-73E77E493297}.Debug|Any CPU.ActiveCfg = Debug|Any CPU
		{211624A5-9652-4090-856F-73E77E493297}.Debug|Any CPU.Build.0 = Debug|Any CPU
		{211624A5-9652-4090-856F-73E77E493297}.Release|Any CPU.ActiveCfg = Release|Any CPU
		{211624A5-9652-4090-856F-73E77E493297}.Release|Any CPU.Build.0 = Release|Any CPU
	EndGlobalSection
	GlobalSection(SolutionProperties) = preSolution
		HideSolutionNode = FALSE
	EndGlobalSection
	GlobalSection(NestedProjects) = preSolution
		{2F0C99BF-FDF6-448F-8E47-A00A6D551021} = {02EA681E-C7D8-13C7-8484-4AC65E1B71E8}
		{0DC857DF-815A-4D64-9FDB-DFDCCF58932A} = {02EA681E-C7D8-13C7-8484-4AC65E1B71E8}
		{9B80F1BD-DAA3-4C83-B978-1A727626DF17} = {0DC857DF-815A-4D64-9FDB-DFDCCF58932A}
		{26FEE1A6-0FA0-4C99-8345-0777089F6373} = {0DC857DF-815A-4D64-9FDB-DFDCCF58932A}
		{2AA29279-DEA5-43E4-AD30-1A2A530D111D} = {0DC857DF-815A-4D64-9FDB-DFDCCF58932A}
		{4B0574E3-350B-458D-B35E-601E5517D04E} = {0DC857DF-815A-4D64-9FDB-DFDCCF58932A}
		{DDD95737-36B1-4FFC-A322-8FFEF0760CEB} = {02EA681E-C7D8-13C7-8484-4AC65E1B71E8}
		{A7BAA7A8-240B-42EA-8C54-011220BD98E8} = {02EA681E-C7D8-13C7-8484-4AC65E1B71E8}
		{8932407D-6F96-4469-BAA2-31873C3575E8} = {A7BAA7A8-240B-42EA-8C54-011220BD98E8}
		{6705ECC4-ECF5-4BC8-9DB3-61782EE3D17C} = {02EA681E-C7D8-13C7-8484-4AC65E1B71E8}
		{0120AA5B-D049-4A74-921D-619A32E16686} = {DDD95737-36B1-4FFC-A322-8FFEF0760CEB}
		{63D38A24-9AA0-48D3-B2D2-9DD4517F2AAF} = {DDD95737-36B1-4FFC-A322-8FFEF0760CEB}
		{198278E8-E742-4446-8F72-10F6A06FCCE2} = {DDD95737-36B1-4FFC-A322-8FFEF0760CEB}
		{C89D6E46-F095-4611-B289-DFC85BC50E86} = {A7BAA7A8-240B-42EA-8C54-011220BD98E8}
		{95615901-7477-4FC8-A558-C4B41D0D27C4} = {C89D6E46-F095-4611-B289-DFC85BC50E86}
		{823C26A5-A20F-4188-9938-0702FF2FE9E4} = {DDD95737-36B1-4FFC-A322-8FFEF0760CEB}
		{908454D1-72C1-4360-B76A-CEBFDB792B0A} = {8932407D-6F96-4469-BAA2-31873C3575E8}
		{2378418B-5077-4724-B863-1FC5459C6F96} = {DDD95737-36B1-4FFC-A322-8FFEF0760CEB}
		{D3C7F950-13DE-4D8C-96A4-B87E6026E283} = {A7BAA7A8-240B-42EA-8C54-011220BD98E8}
		{E3F57503-E16B-41C7-B4EC-5F670A19331E} = {D3C7F950-13DE-4D8C-96A4-B87E6026E283}
		{A863AA3E-05B2-4C62-833D-A407F7CEE191} = {DDD95737-36B1-4FFC-A322-8FFEF0760CEB}
		{43EAF8E8-7746-84F0-7CC1-0540D305789C} = {2F0C99BF-FDF6-448F-8E47-A00A6D551021}
		{A28F0853-CD93-D005-10F9-5F5C999F3E51} = {02EA681E-C7D8-13C7-8484-4AC65E1B71E8}
		{C17B0461-FDDE-BA2B-4B7C-718C551A6E72} = {26FEE1A6-0FA0-4C99-8345-0777089F6373}
		{92C823C9-7CC7-546A-D5F1-15220BA05D3F} = {9B80F1BD-DAA3-4C83-B978-1A727626DF17}
		{B7FE8D74-62A5-9550-2433-3891427ADE60} = {2AA29279-DEA5-43E4-AD30-1A2A530D111D}
		{B2E401FE-235A-4C88-8C82-E38C0C043A98} = {2F0C99BF-FDF6-448F-8E47-A00A6D551021}
		{211624A5-9652-4090-856F-73E77E493297} = {4B0574E3-350B-458D-B35E-601E5517D04E}
	EndGlobalSection
	GlobalSection(ExtensibilityGlobals) = postSolution
		SolutionGuid = {5963DB6D-34CC-4487-B70A-A28D35748CBF}
	EndGlobalSection
EndGlobal
